{
  "name": "@writetome51/get-indexes-of-item-duplicates",
  "version": "1.0.0",
  "lockfileVersion": 1,
  "requires": true,
  "dependencies": {
    "@writetome51/array-and-index-validation": {
      "version": "1.0.6",
      "resolved": "https://registry.npmjs.org/@writetome51/array-and-index-validation/-/array-and-index-validation-1.0.6.tgz",
      "integrity": "sha512-GE0M3uhRSV6MJwu8cnsHxj5wkEPZ7OWehvsOGAQ1roUeItorJl7yvHzjkUZMKQoOPRpictr6r0Kj6zgopGu0gQ==",
      "requires": {
        "basic-data-handling": "~1.0.15",
        "error-if-not-populated-array": "~1.0.1"
      }
    },
    "@writetome51/array-get-and-remove-adjacent-at": {
      "version": "1.0.5",
      "resolved": "https://registry.npmjs.org/@writetome51/array-get-and-remove-adjacent-at/-/array-get-and-remove-adjacent-at-1.0.5.tgz",
      "integrity": "sha512-LdgyGlIEqKi+KU+JZgaM8EgDSz168BvGQlXqBgyeAgx0RaFQV6P8cauPmZaMEPsIiUnVB+2u0aEFzVHLFEFYaA==",
      "requires": {
        "error-if-array-too-short-to-meet-adjacent-items-request": "~1.0.1",
        "error-if-index-how-many-or-array-are-not-valid": "~1.0.0"
      }
    },
    "@writetome51/array-get-and-remove-head-tail": {
      "version": "1.0.4",
      "resolved": "https://registry.npmjs.org/@writetome51/array-get-and-remove-head-tail/-/array-get-and-remove-head-tail-1.0.4.tgz",
      "integrity": "sha512-ciRhhtcfxEs1uQmW6WfRbq70rqvA2uXEWQURCGi8GJ1CNSGOMXxZN0FogzVa96uvozW3tnrxsnS8Kr8nBbvlig==",
      "requires": {
        "@writetome51/array-and-index-validation": "~1.0.6",
        "@writetome51/array-get-and-remove-adjacent-at": "~1.0.4",
        "basic-data-handling": "~1.0.15"
      }
    },
    "@writetome51/array-get-copy": {
      "version": "1.1.2",
      "resolved": "https://registry.npmjs.org/@writetome51/array-get-copy/-/array-get-copy-1.1.2.tgz",
      "integrity": "sha512-4qBC/5VlNe22PK8Ec0rilDCo1Q0vzGxsEGMRgw3Jojft1E/39psIm5C4ecnaJtYCWqF+fc76I2Q1ZqTEoyXphQ==",
      "requires": {
        "@writetome51/array-get-merged-arrays": "~1.1.2",
        "basic-data-handling": "~1.0.15"
      }
    },
    "@writetome51/array-get-indexes": {
      "version": "1.0.1",
      "resolved": "https://registry.npmjs.org/@writetome51/array-get-indexes/-/array-get-indexes-1.0.1.tgz",
      "integrity": "sha512-+PKLlc1H69DPmr05qa7HpJB0JEm+s0hGH/MzTtCbxUSCXWscaOQ8kVxFR5cIJKkjE2e/Q1weryoWML0db2+/Xw==",
      "requires": {
        "@writetome51/array-get-copy": "~1.1.2",
        "@writetome51/arrays-match": "~1.0.5",
        "basic-data-handling": "~1.0.15",
        "error-if-not-populated-array": "~1.0.1",
        "error-if-not-primitive-or-array": "~1.0.2",
        "error-if-values-are-not-arrays": "~1.0.2"
      }
    },
    "@writetome51/array-get-merged-arrays": {
      "version": "1.1.2",
      "resolved": "https://registry.npmjs.org/@writetome51/array-get-merged-arrays/-/array-get-merged-arrays-1.1.2.tgz",
      "integrity": "sha512-FBi1hLxhDXU2uNhMMaZwZD5uVownQ7EdfBkn0RljdkkfUsMB+PvIOpgx3uh2WYlZWWr8KMPAMPkatgT+uxdK8w==",
      "requires": {
        "basic-data-handling": "~1.0.15"
      }
    },
    "@writetome51/array-remove-head-tail": {
      "version": "1.0.4",
      "resolved": "https://registry.npmjs.org/@writetome51/array-remove-head-tail/-/array-remove-head-tail-1.0.4.tgz",
      "integrity": "sha512-veJTsGPN3RQvXNwJd10Kit6Jd0MAFboB1v9dgfVR8R7HqhzlORWhY0XUi9iCaJ9/aB9XoPGyt91j3uhwzXPD/g==",
      "requires": {
        "@writetome51/array-get-and-remove-head-tail": "~1.0.4",
        "@writetome51/arrays-match": "~1.0.5"
      }
    },
    "@writetome51/arrays-match": {
      "version": "1.0.5",
      "resolved": "https://registry.npmjs.org/@writetome51/arrays-match/-/arrays-match-1.0.5.tgz",
      "integrity": "sha512-hg5i3N8g2ChvaLEh2n7H4iaLeiCgRzd+JzqH/Zwx0t06JA5HsHZ6XheJe4UgAFVBrLvJiBiof6IqgPrzyRz/Aw==",
      "requires": {
        "basic-data-handling": "~1.0.15",
        "error-if-values-are-not-arrays": "~1.0.2"
      }
    },
    "@writetome51/index-is-valid": {
      "version": "1.0.0",
      "resolved": "https://registry.npmjs.org/@writetome51/index-is-valid/-/index-is-valid-1.0.0.tgz",
      "integrity": "sha512-KNVGj8+XS/cWYlo9iG+miloPbR4NEESZ8G7NYsMBXt5cVoF7sSgyJBN4Z5XO9ypesSA4YdbfQYRp5H/2/yWBKw==",
      "requires": {
        "basic-data-handling": "~1.0.15"
      }
    },
    "basic-data-handling": {
      "version": "1.0.15",
      "resolved": "https://registry.npmjs.org/basic-data-handling/-/basic-data-handling-1.0.15.tgz",
      "integrity": "sha512-HyXRwPTfhKacukW4mMJl+3IsFC+5NzMr9flzp+XBJhHol0eAZzLxYqP7w3Cme3cziKcshzoO7Zf/9C+bewJWpA=="
    },
    "error-if-array-too-short-to-meet-adjacent-items-request": {
      "version": "1.0.1",
      "resolved": "https://registry.npmjs.org/error-if-array-too-short-to-meet-adjacent-items-request/-/error-if-array-too-short-to-meet-adjacent-items-request-1.0.1.tgz",
      "integrity": "sha512-mmZZM9/PhS1hrfCAHqNx5cSPdbMzph3nKL0AfpnOV1+NFrZW3Wy9ZvcB6CaDlnvjLcDru09RRUatp1RF8iVyMg=="
    },
    "error-if-index-how-many-or-array-are-not-valid": {
      "version": "1.0.0",
      "resolved": "https://registry.npmjs.org/error-if-index-how-many-or-array-are-not-valid/-/error-if-index-how-many-or-array-are-not-valid-1.0.0.tgz",
      "integrity": "sha512-wy7eh4MeDyrEgS/190lWLO5OH5pIzq10yDoFzf1zatzEI14Qlz92gqTNCcOKxcIsibxXtH2VB2ByRcyoQErW9g==",
      "requires": {
        "basic-data-handling": "~1.0.15",
        "error-if-index-not-valid": "~1.0.0"
      }
    },
    "error-if-index-not-valid": {
      "version": "1.0.0",
      "resolved": "https://registry.npmjs.org/error-if-index-not-valid/-/error-if-index-not-valid-1.0.0.tgz",
      "integrity": "sha512-jvm5tfD6XRd62V1UENmmmDpUefm7LfT5ksu5f+dbrRqDAZXZKK3KvqcHaIp78YhjZKUipAIZQSNKUpNQbY5Ktw==",
      "requires": {
        "@writetome51/index-is-valid": "~1.0.0"
      }
    },
    "error-if-not-populated-array": {
      "version": "1.0.1",
      "resolved": "https://registry.npmjs.org/error-if-not-populated-array/-/error-if-not-populated-array-1.0.1.tgz",
      "integrity": "sha512-XKN0WUVUNrDOsB1PuBRQJ4/tVOeFceioLm+QPOpCkQaZlD9vVYZf+pRrFIoiqzVno7bx7AI2lNIfMWf7gRarvg==",
      "requires": {
        "basic-data-handling": "~1.0.13"
      }
    },
    "error-if-not-primitive-or-array": {
      "version": "1.0.2",
      "resolved": "https://registry.npmjs.org/error-if-not-primitive-or-array/-/error-if-not-primitive-or-array-1.0.2.tgz",
      "integrity": "sha512-ZLxU1JpC9YGZ8Jb0n4rkcqBzizhPs4IgUQFy558c2hrOR/gxgU/sTDsVvCj/PxA3NuNtkEbwNWgjbc84HCPNaQ==",
      "requires": {
        "basic-data-handling": "~1.0.15"
      }
    },
    "error-if-values-are-not-arrays": {
      "version": "1.0.2",
      "resolved": "https://registry.npmjs.org/error-if-values-are-not-arrays/-/error-if-values-are-not-arrays-1.0.2.tgz",
      "integrity": "sha512-HD4BW6LoQpF0aGVIW1UCsY8LLnB+19kGoYs2HaB8CcaBcGw0ed3XnwJTSb/sr8YqLFkhfFO5bsaFB8savUPKsw==",
      "requires": {
        "basic-data-handling": "~1.0.13"
      }
    }
  }
}
