{
  "name": "@writetome51/get-indexes-of-item-duplicates",
  "version": "1.0.0",
  "lockfileVersion": 1,
  "requires": true,
  "dependencies": {
    "@writetome51/array-and-index-validation": {
      "version": "1.0.6",
      "resolved": "https://registry.npmjs.org/@writetome51/array-and-index-validation/-/array-and-index-validation-1.0.6.tgz",
      "integrity": "sha512-GE0M3uhRSV6MJwu8cnsHxj5wkEPZ7OWehvsOGAQ1roUeItorJl7yvHzjkUZMKQoOPRpictr6r0Kj6zgopGu0gQ==",
      "requires": {
        "basic-data-handling": "~1.0.15",
        "error-if-not-populated-array": "~1.0.1"
      }
    },
    "@writetome51/array-get-and-remove-adjacent-at": {
      "version": "1.0.5",
      "resolved": "https://registry.npmjs.org/@writetome51/array-get-and-remove-adjacent-at/-/array-get-and-remove-adjacent-at-1.0.5.tgz",
      "integrity": "sha512-LdgyGlIEqKi+KU+JZgaM8EgDSz168BvGQlXqBgyeAgx0RaFQV6P8cauPmZaMEPsIiUnVB+2u0aEFzVHLFEFYaA==",
      "requires": {
        "error-if-array-too-short-to-meet-adjacent-items-request": "~1.0.1",
        "error-if-index-how-many-or-array-are-not-valid": "~1.0.0"
      }
    },
    "@writetome51/array-get-and-remove-head-tail": {
      "version": "1.0.4",
      "resolved": "https://registry.npmjs.org/@writetome51/array-get-and-remove-head-tail/-/array-get-and-remove-head-tail-1.0.4.tgz",
      "integrity": "sha512-ciRhhtcfxEs1uQmW6WfRbq70rqvA2uXEWQURCGi8GJ1CNSGOMXxZN0FogzVa96uvozW3tnrxsnS8Kr8nBbvlig==",
      "requires": {
        "@writetome51/array-and-index-validation": "~1.0.6",
        "@writetome51/array-get-and-remove-adjacent-at": "~1.0.4",
        "basic-data-handling": "~1.0.15"
      }
    },
    "@writetome51/array-get-copy": {
      "version": "1.1.3",
      "resolved": "https://registry.npmjs.org/@writetome51/array-get-copy/-/array-get-copy-1.1.3.tgz",
      "integrity": "sha512-ulwqCOpeB2V+2QkCCaMLzW42OaC3WnKGnPebyBX7yxoWm8/rsTBogqaHYQCPs1/h/cKCVdpnl4zyy9dLWVwCbA==",
      "requires": {
        "@writetome51/array-get-merged-arrays": "~1.1.3",
        "error-if-not-array": "~1.0.0"
      }
    },
    "@writetome51/array-get-indexes": {
      "version": "1.0.2",
      "resolved": "https://registry.npmjs.org/@writetome51/array-get-indexes/-/array-get-indexes-1.0.2.tgz",
      "integrity": "sha512-z7VjDR+z6nOtTESWdZ62pF1pGVxeRr9C9pqoNzmRD3mi64/juqs7TM/727AzJJK7rN/xf4g24y27fyaavx3/YA==",
      "requires": {
        "@writetome51/array-get-copy": "~1.1.2",
        "@writetome51/arrays-match": "~1.0.5",
        "@writetome51/is-array-not-array": "~1.0.0",
        "error-if-not-array": "~1.0.0",
        "error-if-not-function": "~1.0.0",
        "error-if-not-integer": "~1.0.0",
        "error-if-not-populated-array": "~1.0.1",
        "error-if-not-primitive": "~1.0.0",
        "error-if-not-primitive-or-array": "~1.0.2"
      }
    },
    "@writetome51/array-get-merged-arrays": {
      "version": "1.1.3",
      "resolved": "https://registry.npmjs.org/@writetome51/array-get-merged-arrays/-/array-get-merged-arrays-1.1.3.tgz",
      "integrity": "sha512-wr8F9SnZI0TkwtLfV9jSOfXYZZEglH6Tw4KiI4e2LdLpdKVMBJwNi2kN+5GgZsdxK70S6BRDKDKBJ0tz9gnJXQ==",
      "requires": {
        "error-if-not-array": "~1.0.0"
      }
    },
    "@writetome51/array-remove-head-tail": {
      "version": "1.0.4",
      "resolved": "https://registry.npmjs.org/@writetome51/array-remove-head-tail/-/array-remove-head-tail-1.0.4.tgz",
      "integrity": "sha512-veJTsGPN3RQvXNwJd10Kit6Jd0MAFboB1v9dgfVR8R7HqhzlORWhY0XUi9iCaJ9/aB9XoPGyt91j3uhwzXPD/g==",
      "requires": {
        "@writetome51/array-get-and-remove-head-tail": "~1.0.4",
        "@writetome51/arrays-match": "~1.0.5"
      }
    },
    "@writetome51/arrays-match": {
      "version": "1.0.6",
      "resolved": "https://registry.npmjs.org/@writetome51/arrays-match/-/arrays-match-1.0.6.tgz",
      "integrity": "sha512-W5UxnYVYO/PZBXxI3kGt6O2dn++yN/gX8HTMw8wp0EiliAEwb1xz6dllnSbUfFOvFI9Wijp5TLRL/r8l3XcLag==",
      "requires": {
        "@writetome51/is-array-not-array": "~1.0.0",
        "@writetome51/is-empty-not-empty": "~1.0.0",
        "error-if-values-are-not-arrays": "~1.0.2"
      }
    },
    "@writetome51/index-is-valid": {
      "version": "1.0.1",
      "resolved": "https://registry.npmjs.org/@writetome51/index-is-valid/-/index-is-valid-1.0.1.tgz",
      "integrity": "sha512-2w7rcK92z+24wi39fSTVGqv7mqRZGu4KdmKriCdMa2ajmiM467xm31GDstJ5OlFpOqjKzge0j7+IExfT5ItI6Q==",
      "requires": {
        "error-if-not-integer": "~1.0.0"
      }
    },
    "@writetome51/is-array-not-array": {
      "version": "1.0.0",
      "resolved": "https://registry.npmjs.org/@writetome51/is-array-not-array/-/is-array-not-array-1.0.0.tgz",
      "integrity": "sha512-u3L1FTbTXKbC1lBVSnBwJ24qtrnyz10IbSAk7E9UgoYnn7jFw9+HuIVseoSIxPnPbn6JXesPDVLI/MYSey4rJQ=="
    },
    "@writetome51/is-empty-not-empty": {
      "version": "1.0.0",
      "resolved": "https://registry.npmjs.org/@writetome51/is-empty-not-empty/-/is-empty-not-empty-1.0.0.tgz",
      "integrity": "sha512-BHPiP5bHtY5+CMUpfMlMfnU+i/9aKtQTgPy+DSlnAe1u49afxLebO70CSK8c5qbFyQizoN1HEX1cbZiyY8jsfw==",
      "requires": {
        "error-if-not-integer-zero-or-greater": "~1.0.0"
      }
    },
    "@writetome51/is-finite-number": {
      "version": "1.0.0",
      "resolved": "https://registry.npmjs.org/@writetome51/is-finite-number/-/is-finite-number-1.0.0.tgz",
      "integrity": "sha512-xr1amNVh4HAfVbv9YbzGPvyo0gRykdwODNap3xMlhXIHkZJIuEsfRpuQzPkiEf+AWDxy/dcdwzVP9JMOnu8dUg=="
    },
    "@writetome51/is-integer-is-float": {
      "version": "1.0.0",
      "resolved": "https://registry.npmjs.org/@writetome51/is-integer-is-float/-/is-integer-is-float-1.0.0.tgz",
      "integrity": "sha512-j2qLoQaxXzwctUkWvj6Ce02qhoO0e79jCC1aHYG5wD0tapjlKSHfmXeV22Wtnba/Hg+ajSxvMYAhczKwBwa9pA==",
      "requires": {
        "@writetome51/is-finite-number": "~1.0.0"
      }
    },
    "basic-data-handling": {
      "version": "1.0.15",
      "resolved": "https://registry.npmjs.org/basic-data-handling/-/basic-data-handling-1.0.15.tgz",
      "integrity": "sha512-HyXRwPTfhKacukW4mMJl+3IsFC+5NzMr9flzp+XBJhHol0eAZzLxYqP7w3Cme3cziKcshzoO7Zf/9C+bewJWpA=="
    },
    "error-if-array-too-short-to-meet-adjacent-items-request": {
      "version": "1.0.1",
      "resolved": "https://registry.npmjs.org/error-if-array-too-short-to-meet-adjacent-items-request/-/error-if-array-too-short-to-meet-adjacent-items-request-1.0.1.tgz",
      "integrity": "sha512-mmZZM9/PhS1hrfCAHqNx5cSPdbMzph3nKL0AfpnOV1+NFrZW3Wy9ZvcB6CaDlnvjLcDru09RRUatp1RF8iVyMg=="
    },
    "error-if-index-how-many-or-array-are-not-valid": {
      "version": "1.0.1",
      "resolved": "https://registry.npmjs.org/error-if-index-how-many-or-array-are-not-valid/-/error-if-index-how-many-or-array-are-not-valid-1.0.1.tgz",
      "integrity": "sha512-eCOwZ8TxzhQ33FNIz/XWkZoeOXrxroPzUOc15gyRw6sCWV/o7vJ+iztdRiJrlA6IK0n6bbDU7S2M3D8FiK6Crg==",
      "requires": {
        "error-if-index-not-valid": "~1.0.0",
        "error-if-not-array": "~1.0.0",
        "error-if-not-integer-zero-or-greater": "~1.0.0"
      }
    },
    "error-if-index-not-valid": {
      "version": "1.0.0",
      "resolved": "https://registry.npmjs.org/error-if-index-not-valid/-/error-if-index-not-valid-1.0.0.tgz",
      "integrity": "sha512-jvm5tfD6XRd62V1UENmmmDpUefm7LfT5ksu5f+dbrRqDAZXZKK3KvqcHaIp78YhjZKUipAIZQSNKUpNQbY5Ktw==",
      "requires": {
        "@writetome51/index-is-valid": "~1.0.0"
      }
    },
    "error-if-not-array": {
      "version": "1.0.0",
      "resolved": "https://registry.npmjs.org/error-if-not-array/-/error-if-not-array-1.0.0.tgz",
      "integrity": "sha512-Rh2IEwUKK9+60FnaBBJxaLwF8V2NrQPOBSJQePZqzCNUp+n6ETIOfyA4tKfoN8xaCD2dawmiRMWKgErM6vjE8Q==",
      "requires": {
        "@writetome51/is-array-not-array": "~1.0.0"
      }
    },
    "error-if-not-finite-number": {
      "version": "1.0.0",
      "resolved": "https://registry.npmjs.org/error-if-not-finite-number/-/error-if-not-finite-number-1.0.0.tgz",
      "integrity": "sha512-/G8OPGiHP4NLTuXmx28oOGCuj+KSyoOcor5ON3j8IVVR7aDGVA2LbZzyQXRGS2BTaMt0GnROR7amgzpXku2H5w==",
      "requires": {
        "@writetome51/is-finite-number": "~1.0.0"
      }
    },
    "error-if-not-function": {
      "version": "1.0.0",
      "resolved": "https://registry.npmjs.org/error-if-not-function/-/error-if-not-function-1.0.0.tgz",
      "integrity": "sha512-YTpbEv9e+IbcnxpgM0MN1UHbwY0S3FQZ9nV3uQ3fpsl7IHZMeb7MIXksX0e1hYI61bTS6r4LBY8iuLSdsuuGgg=="
    },
    "error-if-not-integer": {
      "version": "1.0.0",
      "resolved": "https://registry.npmjs.org/error-if-not-integer/-/error-if-not-integer-1.0.0.tgz",
      "integrity": "sha512-Ut8ZDsm8/y1lB/rbByzZXbx61db7t2zh9LsjtsiIKFQiWhlZw3cFBMt0fU3DrakhVfZVD50txCX9gClde3abDw==",
      "requires": {
        "@writetome51/is-integer-is-float": "~1.0.0",
        "error-if-not-finite-number": "~1.0.0"
      }
    },
    "error-if-not-integer-zero-or-greater": {
      "version": "1.0.0",
      "resolved": "https://registry.npmjs.org/error-if-not-integer-zero-or-greater/-/error-if-not-integer-zero-or-greater-1.0.0.tgz",
      "integrity": "sha512-m+KocWV9yaF0eZaLbwtz8jD7cfpiZWqDc9cOLe/4QJfp/lpqlJUVan1CcbUsGciFwUYQdSybyy6gxD9jsDkSIw==",
      "requires": {
        "error-if-not-integer": "~1.0.0"
      }
    },
    "error-if-not-populated-array": {
      "version": "1.0.2",
      "resolved": "https://registry.npmjs.org/error-if-not-populated-array/-/error-if-not-populated-array-1.0.2.tgz",
      "integrity": "sha512-bFGX8NA1rc5WQIY7LYfUVXejHtdROdnCbg5lDS0d3cXsOMR9WQe1F5F50WhZdT5a+VlbNUw4Qfml4tMmQBDeHA==",
      "requires": {
        "@writetome51/is-empty-not-empty": "~1.0.0",
        "error-if-not-array": "~1.0.0"
      }
    },
    "error-if-not-primitive": {
      "version": "1.0.0",
      "resolved": "https://registry.npmjs.org/error-if-not-primitive/-/error-if-not-primitive-1.0.0.tgz",
      "integrity": "sha512-V3M5aAWFiO7nsfUI0wFoKOEcjdwbjYCA/AM4TuaL1kWLq5IJsXbUUc15/ARv58RilrLoJJI/bi5XCzW7BAlXXA=="
    },
    "error-if-not-primitive-or-array": {
      "version": "1.0.3",
      "resolved": "https://registry.npmjs.org/error-if-not-primitive-or-array/-/error-if-not-primitive-or-array-1.0.3.tgz",
      "integrity": "sha512-j0unGHb8Svzz86miOpmXLGeSfwl9FaPZmVWY4ymrC+1yzGatktL3k54lmhrRlTjrW9CbQ/NBe1E6Qp6Z4xaqAg==",
      "requires": {
        "@writetome51/is-array-not-array": "~1.0.0"
      }
    },
    "error-if-values-are-not-arrays": {
      "version": "1.0.3",
      "resolved": "https://registry.npmjs.org/error-if-values-are-not-arrays/-/error-if-values-are-not-arrays-1.0.3.tgz",
      "integrity": "sha512-YzO5HykTObGeEp33nVl6VSFOQWw5QJ7BH9YoSzLNZh+sx0TFVB+xDXVBb+OkYiTQuVDHDSFbWRQwXLiVv5EqEg==",
      "requires": {
        "error-if-not-array": "~1.0.0"
      }
    }
  }
}
